
Microsoft Visual Studio Solution File, Format Version 12.00
# Visual Studio Version 17
VisualStudioVersion = 17.12.35527.113 d17.12
MinimumVisualStudioVersion = 10.0.40219.1
Project("{FAE04EC0-301F-11D3-BF4B-00C04F79EFBC}") = "AgendaLib", "Agenda\AgendaLib.csproj", "{E641834F-83F5-41EE-B3DF-CA1517DF97FF}"
EndProject
Project("{FAE04EC0-301F-11D3-BF4B-00C04F79EFBC}") = "Tests", "Tests\Tests.csproj", "{7CC4479E-58FB-47D8-838F-0665FE1A8B77}"
EndProject
Project("{FAE04EC0-301F-11D3-BF4B-00C04F79EFBC}") = "ConsoleApp", "ConsoleApp\ConsoleApp.csproj", "{E0177F6E-A7C2-4B8B-B08D-F354AC1AE74B}"
EndProject
Global
	GlobalSection(SolutionConfigurationPlatforms) = preSolution
		Debug|Any CPU = Debug|Any CPU
		Release|Any CPU = Release|Any CPU
	EndGlobalSection
	GlobalSection(ProjectConfigurationPlatforms) = postSolution
		{E641834F-83F5-41EE-B3DF-CA1517DF97FF}.Debug|Any CPU.ActiveCfg = Debug|Any CPU
		{E641834F-83F5-41EE-B3DF-CA1517DF97FF}.Debug|Any CPU.Build.0 = Debug|Any CPU
		{E641834F-83F5-41EE-B3DF-CA1517DF97FF}.Release|Any CPU.ActiveCfg = Release|Any CPU
		{E641834F-83F5-41EE-B3DF-CA1517DF97FF}.Release|Any CPU.Build.0 = Release|Any CPU
		{7CC4479E-58FB-47D8-838F-0665FE1A8B77}.Debug|Any CPU.ActiveCfg = Debug|Any CPU
		{7CC4479E-58FB-47D8-838F-0665FE1A8B77}.Debug|Any CPU.Build.0 = Debug|Any CPU
		{7CC4479E-58FB-47D8-838F-0665FE1A8B77}.Release|Any CPU.ActiveCfg = Release|Any CPU
		{7CC4479E-58FB-47D8-838F-0665FE1A8B77}.Release|Any CPU.Build.0 = Release|Any CPU
		{E0177F6E-A7C2-4B8B-B08D-F354AC1AE74B}.Debug|Any CPU.ActiveCfg = Debug|Any CPU
		{E0177F6E-A7C2-4B8B-B08D-F354AC1AE74B}.Debug|Any CPU.Build.0 = Debug|Any CPU
		{E0177F6E-A7C2-4B8B-B08D-F354AC1AE74B}.Release|Any CPU.ActiveCfg = Release|Any CPU
		{E0177F6E-A7C2-4B8B-B08D-F354AC1AE74B}.Release|Any CPU.Build.0 = Release|Any CPU
	EndGlobalSection
	GlobalSection(SolutionProperties) = preSolution
		HideSolutionNode = FALSE
	EndGlobalSection
EndGlobal
